
Microsoft Visual Studio Solution File, Format Version 12.00
# Visual Studio 15
VisualStudioVersion = 15.0.28307.271
MinimumVisualStudioVersion = 10.0.40219.1
Project("{FAE04EC0-301F-11D3-BF4B-00C04F79EFBC}") = "OpenWeatherMapApi", "OpenWeatherMapApi\OpenWeatherMapApi.csproj", "{F800D2B2-5C91-4E95-9139-E574068F35D2}"
EndProject
Project("{FAE04EC0-301F-11D3-BF4B-00C04F79EFBC}") = "OpenWeatherMapApiTests", "OpenWeatherMapApiTests\OpenWeatherMapApiTests.csproj", "{383BFED7-1270-4D28-846C-45B4648DAF73}"
EndProject
Global
	GlobalSection(SolutionConfigurationPlatforms) = preSolution
		Debug|Any CPU = Debug|Any CPU
		Release|Any CPU = Release|Any CPU
	EndGlobalSection
	GlobalSection(ProjectConfigurationPlatforms) = postSolution
		{F800D2B2-5C91-4E95-9139-E574068F35D2}.Debug|Any CPU.ActiveCfg = Debug|Any CPU
		{F800D2B2-5C91-4E95-9139-E574068F35D2}.Debug|Any CPU.Build.0 = Debug|Any CPU
		{F800D2B2-5C91-4E95-9139-E574068F35D2}.Release|Any CPU.ActiveCfg = Release|Any CPU
		{F800D2B2-5C91-4E95-9139-E574068F35D2}.Release|Any CPU.Build.0 = Release|Any CPU
		{383BFED7-1270-4D28-846C-45B4648DAF73}.Debug|Any CPU.ActiveCfg = Debug|Any CPU
		{383BFED7-1270-4D28-846C-45B4648DAF73}.Debug|Any CPU.Build.0 = Debug|Any CPU
		{383BFED7-1270-4D28-846C-45B4648DAF73}.Release|Any CPU.ActiveCfg = Release|Any CPU
		{383BFED7-1270-4D28-846C-45B4648DAF73}.Release|Any CPU.Build.0 = Release|Any CPU
	EndGlobalSection
	GlobalSection(SolutionProperties) = preSolution
		HideSolutionNode = FALSE
	EndGlobalSection
	GlobalSection(ExtensibilityGlobals) = postSolution
		SolutionGuid = {94E17466-E826-496A-B19C-250D50D26DFE}
	EndGlobalSection
EndGlobal
